# This file was autogenerated by Stack.
# You should not edit this file by hand.
# For more information, please see the documentation at:
#   https://docs.haskellstack.org/en/stable/lock_files

packages:
- completed:
    hackage: singletons-2.7@sha256:a265105b00628462c2aef7dab1ef7d2a460ddba415d8a935d4c4035d6abe292b,7614
    pantry-tree:
      sha256: 6d35bf96c8a17d95d856f17a56a8e5faa47efb8fecffe80b02061a8ee030918f
      size: 25263
  original:
    hackage: singletons-2.7
snapshots:
- completed:
    sha256: 9fa4bece7acfac1fc7930c5d6e24606004b09e80aa0e52e9f68b148201008db9
    size: 649606
    url: https://raw.githubusercontent.com/commercialhaskell/stackage-snapshots/master/lts/20/18.yaml
  original:
    url: https://raw.githubusercontent.com/commercialhaskell/stackage-snapshots/master/lts/20/18.yaml
